Microsoft Visual Studio Solution File, Format Version 12.00
# Visual Studio 15
VisualStudioVersion = 15.0.27130.2010
MinimumVisualStudioVersion = 10.0.40219.1
Project("{2150E333-8FDC-42A3-9474-1A3956D46DE8}") = ".paket", ".paket", "{2FC26D10-021B-4487-AE72-6CFC1346239A}"
	ProjectSection(SolutionItems) = preProject
		.paket\paket.bootstrapper.exe = .paket\paket.bootstrapper.exe
		paket.dependencies = paket.dependencies
		paket.lock = paket.lock
		.paket\paket.targets = .paket\paket.targets
	EndProjectSection
EndProject
Project("{F2A71F9B-5D33-465A-A702-920D77279786}") = "FsPickler", "src\FsPickler\FsPickler.fsproj", "{3AD987BF-F0FA-40BD-9DAE-4AF3A5FE9CC7}"
EndProject
Project("{2150E333-8FDC-42A3-9474-1A3956D46DE8}") = "project", "project", "{87846678-C0AD-48CD-8D7D-4224116EEB73}"
	ProjectSection(SolutionItems) = preProject
		.gitignore = .gitignore
		.travis.yml = .travis.yml
		appveyor.yml = appveyor.yml
		build.cmd = build.cmd
		build.fsx = build.fsx
		build.sh = build.sh
		License.md = License.md
		README.md = README.md
		RELEASE_NOTES.md = RELEASE_NOTES.md
	EndProjectSection
EndProject
Project("{2150E333-8FDC-42A3-9474-1A3956D46DE8}") = "tests", "tests", "{109340B6-EAF7-4DDC-9D6C-F51A3E6E747F}"
EndProject
Project("{2150E333-8FDC-42A3-9474-1A3956D46DE8}") = "src", "src", "{23BFC6E5-8581-44C7-B9C6-A42F06DCD6A6}"
EndProject
Project("{F2A71F9B-5D33-465A-A702-920D77279786}") = "FsPickler.PerfTests", "tests\FsPickler.PerfTests\FsPickler.PerfTests.fsproj", "{50CBCEEF-24DD-454F-A3A3-AC1759883311}"
EndProject
Project("{F2A71F9B-5D33-465A-A702-920D77279786}") = "FsPickler.Tests", "tests\FsPickler.Tests\FsPickler.Tests.fsproj", "{EC89A90F-5EBF-40FB-B4F3-1A8F2D224A20}"
EndProject
Project("{F2A71F9B-5D33-465A-A702-920D77279786}") = "FsPickler.Json", "src\FsPickler.Json\FsPickler.Json.fsproj", "{1DCB4AD7-2C00-4BCD-B1A5-A469F31E2CD1}"
EndProject
Project("{FAE04EC0-301F-11D3-BF4B-00C04F79EFBC}") = "FsPickler.CSharp", "src\FsPickler.CSharp\FsPickler.CSharp.csproj", "{49D58CB3-B5A5-41DD-8398-060A8C6FBDD0}"
EndProject
Project("{2150E333-8FDC-42A3-9474-1A3956D46DE8}") = "docs", "docs", "{D0FD949B-2995-4392-AD02-E9C69BA9DFE0}"
EndProject
Project("{2150E333-8FDC-42A3-9474-1A3956D46DE8}") = "tools", "tools", "{69847FBC-4407-48A7-9109-C07D3164F29A}"
	ProjectSection(SolutionItems) = preProject
		docs\tools\generate.fsx = docs\tools\generate.fsx
		docs\tools\templates\template.cshtml = docs\tools\templates\template.cshtml
	EndProjectSection
EndProject
Project("{2150E333-8FDC-42A3-9474-1A3956D46DE8}") = "content", "content", "{E2C73A7A-643B-48D0-9DBB-581778FC8C6D}"
	ProjectSection(SolutionItems) = preProject
		docs\content\benchmarks.md = docs\content\benchmarks.md
		docs\content\index.fsx = docs\content\index.fsx
		docs\content\overview.fsx = docs\content\overview.fsx
		docs\content\tutorial.fsx = docs\content\tutorial.fsx
	EndProjectSection
EndProject
Project("{2150E333-8FDC-42A3-9474-1A3956D46DE8}") = "files", "files", "{BE768967-0DE8-4FB3-83EA-2841CB790B9E}"
	ProjectSection(SolutionItems) = preProject
		docs\files\img\fsharp.png = docs\files\img\fsharp.png
		docs\files\img\mbrace.png = docs\files\img\mbrace.png
	EndProjectSection
EndProject
Project("{2150E333-8FDC-42A3-9474-1A3956D46DE8}") = "benchmarks", "benchmarks", "{6A9C2D20-E8F1-42C1-A116-EACB1A4E93BD}"
EndProject
Project("{2150E333-8FDC-42A3-9474-1A3956D46DE8}") = "size", "size", "{E97FD04B-2CC5-4EB3-9874-6FB8CF96E4CC}"
	ProjectSection(SolutionItems) = preProject
		docs\files\benchmarks\size\3darray.png = docs\files\benchmarks\size\3darray.png
		docs\files\benchmarks\time\datacontract.png = docs\files\benchmarks\time\datacontract.png
		docs\files\benchmarks\size\dict.png = docs\files\benchmarks\size\dict.png
		docs\files\benchmarks\size\exception.png = docs\files\benchmarks\size\exception.png
		docs\files\benchmarks\size\intarray.png = docs\files\benchmarks\size\intarray.png
		docs\files\benchmarks\size\integer.png = docs\files\benchmarks\size\integer.png
		docs\files\benchmarks\size\intlist.png = docs\files\benchmarks\size\intlist.png
		docs\files\benchmarks\size\pair.png = docs\files\benchmarks\size\pair.png
		docs\files\benchmarks\size\pairarray.png = docs\files\benchmarks\size\pairarray.png
		docs\files\benchmarks\size\pairlist.png = docs\files\benchmarks\size\pairlist.png
		docs\files\benchmarks\size\poco.png = docs\files\benchmarks\size\poco.png
		docs\files\benchmarks\size\quotation.png = docs\files\benchmarks\size\quotation.png
		docs\files\benchmarks\size\tree.png = docs\files\benchmarks\size\tree.png
	EndProjectSection
EndProject
Project("{2150E333-8FDC-42A3-9474-1A3956D46DE8}") = "time", "time", "{D30FBE7C-26F4-4C5F-8E03-BF9F5185BC1D}"
	ProjectSection(SolutionItems) = preProject
		docs\files\benchmarks\time\3darray.png = docs\files\benchmarks\time\3darray.png
		docs\files\benchmarks\time\dict.png = docs\files\benchmarks\time\dict.png
		docs\files\benchmarks\time\exception.png = docs\files\benchmarks\time\exception.png
		docs\files\benchmarks\time\fsmutual.png = docs\files\benchmarks\time\fsmutual.png
		docs\files\benchmarks\time\fstree.png = docs\files\benchmarks\time\fstree.png
		docs\files\benchmarks\time\graph.png = docs\files\benchmarks\time\graph.png
		docs\files\benchmarks\time\intlist.png = docs\files\benchmarks\time\intlist.png
		docs\files\benchmarks\time\iserializable.png = docs\files\benchmarks\time\iserializable.png
		docs\files\benchmarks\time\pairlist.png = docs\files\benchmarks\time\pairlist.png
		docs\files\benchmarks\time\poco.png = docs\files\benchmarks\time\poco.png
		docs\files\benchmarks\time\quotation.png = docs\files\benchmarks\time\quotation.png
		docs\files\benchmarks\time\tree.png = docs\files\benchmarks\time\tree.png
		docs\files\benchmarks\time\tuple6.png = docs\files\benchmarks\time\tuple6.png
		docs\files\benchmarks\time\tuplearray.png = docs\files\benchmarks\time\tuplearray.png
		docs\files\benchmarks\time\typearray.png = docs\files\benchmarks\time\typearray.png
	EndProjectSection
EndProject
Project("{2150E333-8FDC-42A3-9474-1A3956D46DE8}") = "gc", "gc", "{CDF2389D-8F60-44FA-AA48-6380DD0B32F9}"
	ProjectSection(SolutionItems) = preProject
		docs\files\benchmarks\gc\3darray.png = docs\files\benchmarks\gc\3darray.png
		docs\files\benchmarks\gc\datacontract.png = docs\files\benchmarks\gc\datacontract.png
		docs\files\benchmarks\gc\dict.png = docs\files\benchmarks\gc\dict.png
		docs\files\benchmarks\gc\exception.png = docs\files\benchmarks\gc\exception.png
		docs\files\benchmarks\gc\fsmutual.png = docs\files\benchmarks\gc\fsmutual.png
		docs\files\benchmarks\gc\fstree.png = docs\files\benchmarks\gc\fstree.png
		docs\files\benchmarks\gc\graph.png = docs\files\benchmarks\gc\graph.png
		docs\files\benchmarks\gc\intlist.png = docs\files\benchmarks\gc\intlist.png
		docs\files\benchmarks\gc\iserializable.png = docs\files\benchmarks\gc\iserializable.png
		docs\files\benchmarks\gc\pairlist.png = docs\files\benchmarks\gc\pairlist.png
		docs\files\benchmarks\gc\poco.png = docs\files\benchmarks\gc\poco.png
		docs\files\benchmarks\gc\quotation.png = docs\files\benchmarks\gc\quotation.png
		docs\files\benchmarks\gc\tree.png = docs\files\benchmarks\gc\tree.png
		docs\files\benchmarks\gc\tuple6.png = docs\files\benchmarks\gc\tuple6.png
		docs\files\benchmarks\gc\tuplearray.png = docs\files\benchmarks\gc\tuplearray.png
		docs\files\benchmarks\gc\typearray.png = docs\files\benchmarks\gc\typearray.png
	EndProjectSection
EndProject
Global
	GlobalSection(SolutionConfigurationPlatforms) = preSolution
		Debug|Any CPU = Debug|Any CPU
		NoEmit|Any CPU = NoEmit|Any CPU
		Release|Any CPU = Release|Any CPU
		Release-NET40|Any CPU = Release-NET40|Any CPU
	EndGlobalSection
	GlobalSection(ProjectConfigurationPlatforms) = postSolution
		{3AD987BF-F0FA-40BD-9DAE-4AF3A5FE9CC7}.Debug|Any CPU.ActiveCfg = Debug|Any CPU
		{3AD987BF-F0FA-40BD-9DAE-4AF3A5FE9CC7}.Debug|Any CPU.Build.0 = Debug|Any CPU
		{3AD987BF-F0FA-40BD-9DAE-4AF3A5FE9CC7}.NoEmit|Any CPU.ActiveCfg = NoEmit|Any CPU
		{3AD987BF-F0FA-40BD-9DAE-4AF3A5FE9CC7}.NoEmit|Any CPU.Build.0 = NoEmit|Any CPU
		{3AD987BF-F0FA-40BD-9DAE-4AF3A5FE9CC7}.Release|Any CPU.ActiveCfg = Release|Any CPU
		{3AD987BF-F0FA-40BD-9DAE-4AF3A5FE9CC7}.Release|Any CPU.Build.0 = Release|Any CPU
		{3AD987BF-F0FA-40BD-9DAE-4AF3A5FE9CC7}.Release-NET40|Any CPU.ActiveCfg = Release-NET40|Any CPU
		{3AD987BF-F0FA-40BD-9DAE-4AF3A5FE9CC7}.Release-NET40|Any CPU.Build.0 = Release-NET40|Any CPU
		{50CBCEEF-24DD-454F-A3A3-AC1759883311}.Debug|Any CPU.ActiveCfg = Debug|Any CPU
		{50CBCEEF-24DD-454F-A3A3-AC1759883311}.Debug|Any CPU.Build.0 = Debug|Any CPU
		{50CBCEEF-24DD-454F-A3A3-AC1759883311}.NoEmit|Any CPU.ActiveCfg = NoEmit|Any CPU
		{50CBCEEF-24DD-454F-A3A3-AC1759883311}.NoEmit|Any CPU.Build.0 = NoEmit|Any CPU
		{50CBCEEF-24DD-454F-A3A3-AC1759883311}.Release|Any CPU.ActiveCfg = Release|Any CPU
		{50CBCEEF-24DD-454F-A3A3-AC1759883311}.Release|Any CPU.Build.0 = Release|Any CPU
		{50CBCEEF-24DD-454F-A3A3-AC1759883311}.Release-NET40|Any CPU.ActiveCfg = Release-NET40|Any CPU
		{50CBCEEF-24DD-454F-A3A3-AC1759883311}.Release-NET40|Any CPU.Build.0 = Release-NET40|Any CPU
		{EC89A90F-5EBF-40FB-B4F3-1A8F2D224A20}.Debug|Any CPU.ActiveCfg = Debug|Any CPU
		{EC89A90F-5EBF-40FB-B4F3-1A8F2D224A20}.Debug|Any CPU.Build.0 = Debug|Any CPU
		{EC89A90F-5EBF-40FB-B4F3-1A8F2D224A20}.NoEmit|Any CPU.ActiveCfg = NoEmit|Any CPU
		{EC89A90F-5EBF-40FB-B4F3-1A8F2D224A20}.NoEmit|Any CPU.Build.0 = NoEmit|Any CPU
		{EC89A90F-5EBF-40FB-B4F3-1A8F2D224A20}.Release|Any CPU.ActiveCfg = Release|Any CPU
		{EC89A90F-5EBF-40FB-B4F3-1A8F2D224A20}.Release|Any CPU.Build.0 = Release|Any CPU
		{EC89A90F-5EBF-40FB-B4F3-1A8F2D224A20}.Release-NET40|Any CPU.ActiveCfg = Release-NET40|Any CPU
		{EC89A90F-5EBF-40FB-B4F3-1A8F2D224A20}.Release-NET40|Any CPU.Build.0 = Release-NET40|Any CPU
		{1DCB4AD7-2C00-4BCD-B1A5-A469F31E2CD1}.Debug|Any CPU.ActiveCfg = Debug|Any CPU
		{1DCB4AD7-2C00-4BCD-B1A5-A469F31E2CD1}.Debug|Any CPU.Build.0 = Debug|Any CPU
		{1DCB4AD7-2C00-4BCD-B1A5-A469F31E2CD1}.NoEmit|Any CPU.ActiveCfg = NoEmit|Any CPU
		{1DCB4AD7-2C00-4BCD-B1A5-A469F31E2CD1}.NoEmit|Any CPU.Build.0 = NoEmit|Any CPU
		{1DCB4AD7-2C00-4BCD-B1A5-A469F31E2CD1}.Release|Any CPU.ActiveCfg = Release|Any CPU
		{1DCB4AD7-2C00-4BCD-B1A5-A469F31E2CD1}.Release|Any CPU.Build.0 = Release|Any CPU
		{1DCB4AD7-2C00-4BCD-B1A5-A469F31E2CD1}.Release-NET40|Any CPU.ActiveCfg = Release-NET40|Any CPU
		{1DCB4AD7-2C00-4BCD-B1A5-A469F31E2CD1}.Release-NET40|Any CPU.Build.0 = Release-NET40|Any CPU
		{49D58CB3-B5A5-41DD-8398-060A8C6FBDD0}.Debug|Any CPU.ActiveCfg = Debug|Any CPU
		{49D58CB3-B5A5-41DD-8398-060A8C6FBDD0}.Debug|Any CPU.Build.0 = Debug|Any CPU
		{49D58CB3-B5A5-41DD-8398-060A8C6FBDD0}.NoEmit|Any CPU.ActiveCfg = NoEmit|Any CPU
		{49D58CB3-B5A5-41DD-8398-060A8C6FBDD0}.NoEmit|Any CPU.Build.0 = NoEmit|Any CPU
		{49D58CB3-B5A5-41DD-8398-060A8C6FBDD0}.Release|Any CPU.ActiveCfg = Release|Any CPU
		{49D58CB3-B5A5-41DD-8398-060A8C6FBDD0}.Release|Any CPU.Build.0 = Release|Any CPU
		{49D58CB3-B5A5-41DD-8398-060A8C6FBDD0}.Release-NET40|Any CPU.ActiveCfg = Release-NET40|Any CPU
		{49D58CB3-B5A5-41DD-8398-060A8C6FBDD0}.Release-NET40|Any CPU.Build.0 = Release-NET40|Any CPU
	EndGlobalSection
	GlobalSection(SolutionProperties) = preSolution
		HideSolutionNode = FALSE
	EndGlobalSection
	GlobalSection(NestedProjects) = preSolution
		{3AD987BF-F0FA-40BD-9DAE-4AF3A5FE9CC7} = {23BFC6E5-8581-44C7-B9C6-A42F06DCD6A6}
		{50CBCEEF-24DD-454F-A3A3-AC1759883311} = {109340B6-EAF7-4DDC-9D6C-F51A3E6E747F}
		{EC89A90F-5EBF-40FB-B4F3-1A8F2D224A20} = {109340B6-EAF7-4DDC-9D6C-F51A3E6E747F}
		{1DCB4AD7-2C00-4BCD-B1A5-A469F31E2CD1} = {23BFC6E5-8581-44C7-B9C6-A42F06DCD6A6}
		{49D58CB3-B5A5-41DD-8398-060A8C6FBDD0} = {23BFC6E5-8581-44C7-B9C6-A42F06DCD6A6}
		{69847FBC-4407-48A7-9109-C07D3164F29A} = {D0FD949B-2995-4392-AD02-E9C69BA9DFE0}
		{E2C73A7A-643B-48D0-9DBB-581778FC8C6D} = {D0FD949B-2995-4392-AD02-E9C69BA9DFE0}
		{BE768967-0DE8-4FB3-83EA-2841CB790B9E} = {D0FD949B-2995-4392-AD02-E9C69BA9DFE0}
		{6A9C2D20-E8F1-42C1-A116-EACB1A4E93BD} = {BE768967-0DE8-4FB3-83EA-2841CB790B9E}
		{E97FD04B-2CC5-4EB3-9874-6FB8CF96E4CC} = {6A9C2D20-E8F1-42C1-A116-EACB1A4E93BD}
		{D30FBE7C-26F4-4C5F-8E03-BF9F5185BC1D} = {6A9C2D20-E8F1-42C1-A116-EACB1A4E93BD}
		{CDF2389D-8F60-44FA-AA48-6380DD0B32F9} = {6A9C2D20-E8F1-42C1-A116-EACB1A4E93BD}
	EndGlobalSection
	GlobalSection(ExtensibilityGlobals) = postSolution
		SolutionGuid = {1FCA8B32-FF44-47F1-9B3B-091CA78E9A86}
	EndGlobalSection
EndGlobal
