
Microsoft Visual Studio Solution File, Format Version 12.00
# Visual Studio 2013
VisualStudioVersion = 12.0.30110.0
MinimumVisualStudioVersion = 10.0.40219.1
Project("{F2A71F9B-5D33-465A-A702-920D77279786}") = "FsPickler", "FsPickler\FsPickler.fsproj", "{3AD987BF-F0FA-40BD-9DAE-4AF3A5FE9CC7}"
EndProject
Project("{F2A71F9B-5D33-465A-A702-920D77279786}") = "FsPickler.Tests", "FsPickler.Tests\FsPickler.Tests.fsproj", "{BA81B7DB-5759-433E-A6BF-5CDA81C3BDAA}"
EndProject
Project("{2150E333-8FDC-42A3-9474-1A3956D46DE8}") = "project", "project", "{87846678-C0AD-48CD-8D7D-4224116EEB73}"
	ProjectSection(SolutionItems) = preProject
		.travis.yml = .travis.yml
		appveyor.yml = appveyor.yml
		build.cmd = build.cmd
		build.fsx = build.fsx
		build.sh = build.sh
		nuget\FsPickler.nuspec = nuget\FsPickler.nuspec
		License.md = License.md
		README.md = README.md
		RELEASE_NOTES.md = RELEASE_NOTES.md
	EndProjectSection
EndProject
Project("{2150E333-8FDC-42A3-9474-1A3956D46DE8}") = ".nuget", ".nuget", "{E60ECF0B-A852-4698-A98B-8663920A63F3}"
	ProjectSection(SolutionItems) = preProject
		.nuget\packages.config = .nuget\packages.config
	EndProjectSection
EndProject
Global
	GlobalSection(SolutionConfigurationPlatforms) = preSolution
		Debug|Any CPU = Debug|Any CPU
		NoEmit|Any CPU = NoEmit|Any CPU
		PerfTests|Any CPU = PerfTests|Any CPU
		Release|Any CPU = Release|Any CPU
	EndGlobalSection
	GlobalSection(ProjectConfigurationPlatforms) = postSolution
		{3AD987BF-F0FA-40BD-9DAE-4AF3A5FE9CC7}.Debug|Any CPU.ActiveCfg = Debug|Any CPU
		{3AD987BF-F0FA-40BD-9DAE-4AF3A5FE9CC7}.Debug|Any CPU.Build.0 = Debug|Any CPU
		{3AD987BF-F0FA-40BD-9DAE-4AF3A5FE9CC7}.NoEmit|Any CPU.ActiveCfg = NoEmit|Any CPU
		{3AD987BF-F0FA-40BD-9DAE-4AF3A5FE9CC7}.NoEmit|Any CPU.Build.0 = NoEmit|Any CPU
		{3AD987BF-F0FA-40BD-9DAE-4AF3A5FE9CC7}.PerfTests|Any CPU.ActiveCfg = Release|Any CPU
		{3AD987BF-F0FA-40BD-9DAE-4AF3A5FE9CC7}.PerfTests|Any CPU.Build.0 = Release|Any CPU
		{3AD987BF-F0FA-40BD-9DAE-4AF3A5FE9CC7}.Release|Any CPU.ActiveCfg = Release|Any CPU
		{3AD987BF-F0FA-40BD-9DAE-4AF3A5FE9CC7}.Release|Any CPU.Build.0 = Release|Any CPU
		{BA81B7DB-5759-433E-A6BF-5CDA81C3BDAA}.Debug|Any CPU.ActiveCfg = Debug|Any CPU
		{BA81B7DB-5759-433E-A6BF-5CDA81C3BDAA}.Debug|Any CPU.Build.0 = Debug|Any CPU
		{BA81B7DB-5759-433E-A6BF-5CDA81C3BDAA}.NoEmit|Any CPU.ActiveCfg = Release|Any CPU
		{BA81B7DB-5759-433E-A6BF-5CDA81C3BDAA}.NoEmit|Any CPU.Build.0 = Release|Any CPU
		{BA81B7DB-5759-433E-A6BF-5CDA81C3BDAA}.PerfTests|Any CPU.ActiveCfg = PerfTests|Any CPU
		{BA81B7DB-5759-433E-A6BF-5CDA81C3BDAA}.PerfTests|Any CPU.Build.0 = PerfTests|Any CPU
		{BA81B7DB-5759-433E-A6BF-5CDA81C3BDAA}.PerfTests|Any CPU.Deploy.0 = PerfTests|Any CPU
		{BA81B7DB-5759-433E-A6BF-5CDA81C3BDAA}.Release|Any CPU.ActiveCfg = Release|Any CPU
		{BA81B7DB-5759-433E-A6BF-5CDA81C3BDAA}.Release|Any CPU.Build.0 = Release|Any CPU
	EndGlobalSection
	GlobalSection(SolutionProperties) = preSolution
		HideSolutionNode = FALSE
	EndGlobalSection
EndGlobal
