Microsoft Visual Studio Solution File, Format Version 12.00
# Visual Studio Version 16
VisualStudioVersion = 16.0.29009.5
MinimumVisualStudioVersion = 10.0.40219.1
Project("{6EC3EE1D-3C4E-46DD-8F32-0CC8E7565705}") = "FsPickler", "src\FsPickler\FsPickler.fsproj", "{145234E3-13C8-47C8-8171-9E389EE539EB}"
EndProject
Project("{6EC3EE1D-3C4E-46DD-8F32-0CC8E7565705}") = "FsPickler.Json", "src\FsPickler.Json\FsPickler.Json.fsproj", "{F41AEDC2-A21C-49F1-8ACD-43BF41FD3EC8}"
EndProject
Project("{6EC3EE1D-3C4E-46DD-8F32-0CC8E7565705}") = "FsPickler.Benchmarks", "tests\FsPickler.Benchmarks\FsPickler.Benchmarks.fsproj", "{76E8A5C2-67E4-4109-9124-280A457CD78E}"
EndProject
Project("{6EC3EE1D-3C4E-46DD-8F32-0CC8E7565705}") = "FsPickler.Tests", "tests\FsPickler.Tests\FsPickler.Tests.fsproj", "{34D3D233-1D14-4528-B69F-870FC3561B5D}"
EndProject
Project("{2150E333-8FDC-42A3-9474-1A3956D46DE8}") = ".paket", ".paket", "{5DA5DEB1-D7C8-4002-8C6B-AF856A8743D1}"
	ProjectSection(SolutionItems) = preProject
		.paket\.gitignore = .paket\.gitignore
		.paket\paket.exe = .paket\paket.exe
		.paket\Paket.Restore.targets = .paket\Paket.Restore.targets
	EndProjectSection
EndProject
Project("{2150E333-8FDC-42A3-9474-1A3956D46DE8}") = "Solution Items", "Solution Items", "{B8D125E3-0DE0-4E44-8AB4-22A79680CDF4}"
	ProjectSection(SolutionItems) = preProject
		.dockerignore = .dockerignore
		.gitattributes = .gitattributes
		.gitignore = .gitignore
		.tfignore = .tfignore
		.travis.yml = .travis.yml
		appveyor.yml = appveyor.yml
		build.cmd = build.cmd
		build.fsx = build.fsx
		build.sh = build.sh
		docker-build.sh = docker-build.sh
		Dockerfile = Dockerfile
		License.md = License.md
		paket.dependencies = paket.dependencies
		paket.lock = paket.lock
		README.md = README.md
		RELEASE_NOTES.md = RELEASE_NOTES.md
	EndProjectSection
EndProject
Project("{2150E333-8FDC-42A3-9474-1A3956D46DE8}") = "docs", "docs", "{71BF70C9-717C-4608-B072-09ADD00279F1}"
EndProject
Project("{2150E333-8FDC-42A3-9474-1A3956D46DE8}") = "content", "content", "{2E6B95A2-11C1-4D8D-AAF6-1683AFC111D1}"
	ProjectSection(SolutionItems) = preProject
		docs\content\benchmarks.md = docs\content\benchmarks.md
		docs\content\index.fsx = docs\content\index.fsx
		docs\content\overview.fsx = docs\content\overview.fsx
		docs\content\tutorial.fsx = docs\content\tutorial.fsx
	EndProjectSection
EndProject
Project("{2150E333-8FDC-42A3-9474-1A3956D46DE8}") = "files", "files", "{98E468A3-08AF-4A97-8DE1-881CF63F3BD9}"
EndProject
Project("{2150E333-8FDC-42A3-9474-1A3956D46DE8}") = "benchmarks", "benchmarks", "{8B301E9D-857C-4CB9-9367-E4C2878CCCE0}"
EndProject
Project("{2150E333-8FDC-42A3-9474-1A3956D46DE8}") = "gc", "gc", "{C779518A-E81A-47F5-9D67-A098B1A1C7E8}"
	ProjectSection(SolutionItems) = preProject
		docs\files\benchmarks\gc\3darray.png = docs\files\benchmarks\gc\3darray.png
		docs\files\benchmarks\gc\datacontract.png = docs\files\benchmarks\gc\datacontract.png
		docs\files\benchmarks\gc\dict.png = docs\files\benchmarks\gc\dict.png
		docs\files\benchmarks\gc\exception.png = docs\files\benchmarks\gc\exception.png
		docs\files\benchmarks\gc\fsmutual.png = docs\files\benchmarks\gc\fsmutual.png
		docs\files\benchmarks\gc\fstree.png = docs\files\benchmarks\gc\fstree.png
		docs\files\benchmarks\gc\graph.png = docs\files\benchmarks\gc\graph.png
		docs\files\benchmarks\gc\intlist.png = docs\files\benchmarks\gc\intlist.png
		docs\files\benchmarks\gc\iserializable.png = docs\files\benchmarks\gc\iserializable.png
		docs\files\benchmarks\gc\pairlist.png = docs\files\benchmarks\gc\pairlist.png
		docs\files\benchmarks\gc\poco.png = docs\files\benchmarks\gc\poco.png
		docs\files\benchmarks\gc\quotation.png = docs\files\benchmarks\gc\quotation.png
		docs\files\benchmarks\gc\tree.png = docs\files\benchmarks\gc\tree.png
		docs\files\benchmarks\gc\tuple6.png = docs\files\benchmarks\gc\tuple6.png
		docs\files\benchmarks\gc\tuplearray.png = docs\files\benchmarks\gc\tuplearray.png
		docs\files\benchmarks\gc\typearray.png = docs\files\benchmarks\gc\typearray.png
	EndProjectSection
EndProject
Project("{2150E333-8FDC-42A3-9474-1A3956D46DE8}") = "size", "size", "{2A12EC19-16E7-4FC9-AC2F-6257FAB162E3}"
	ProjectSection(SolutionItems) = preProject
		docs\files\benchmarks\size\3darray.png = docs\files\benchmarks\size\3darray.png
		docs\files\benchmarks\size\dict.png = docs\files\benchmarks\size\dict.png
		docs\files\benchmarks\size\exception.png = docs\files\benchmarks\size\exception.png
		docs\files\benchmarks\size\intarray.png = docs\files\benchmarks\size\intarray.png
		docs\files\benchmarks\size\integer.png = docs\files\benchmarks\size\integer.png
		docs\files\benchmarks\size\intlist.png = docs\files\benchmarks\size\intlist.png
		docs\files\benchmarks\size\pair.png = docs\files\benchmarks\size\pair.png
		docs\files\benchmarks\size\pairarray.png = docs\files\benchmarks\size\pairarray.png
		docs\files\benchmarks\size\pairlist.png = docs\files\benchmarks\size\pairlist.png
		docs\files\benchmarks\size\poco.png = docs\files\benchmarks\size\poco.png
		docs\files\benchmarks\size\quotation.png = docs\files\benchmarks\size\quotation.png
		docs\files\benchmarks\size\tree.png = docs\files\benchmarks\size\tree.png
	EndProjectSection
EndProject
Project("{2150E333-8FDC-42A3-9474-1A3956D46DE8}") = "time", "time", "{A44CBEDB-D12C-453F-BA07-E2946C1274CD}"
	ProjectSection(SolutionItems) = preProject
		docs\files\benchmarks\time\3darray.png = docs\files\benchmarks\time\3darray.png
		docs\files\benchmarks\time\datacontract.png = docs\files\benchmarks\time\datacontract.png
		docs\files\benchmarks\time\dict.png = docs\files\benchmarks\time\dict.png
		docs\files\benchmarks\time\exception.png = docs\files\benchmarks\time\exception.png
		docs\files\benchmarks\time\fsmutual.png = docs\files\benchmarks\time\fsmutual.png
		docs\files\benchmarks\time\fstree.png = docs\files\benchmarks\time\fstree.png
		docs\files\benchmarks\time\graph.png = docs\files\benchmarks\time\graph.png
		docs\files\benchmarks\time\intlist.png = docs\files\benchmarks\time\intlist.png
		docs\files\benchmarks\time\iserializable.png = docs\files\benchmarks\time\iserializable.png
		docs\files\benchmarks\time\pairList.png = docs\files\benchmarks\time\pairList.png
		docs\files\benchmarks\time\poco.png = docs\files\benchmarks\time\poco.png
		docs\files\benchmarks\time\quotation.png = docs\files\benchmarks\time\quotation.png
		docs\files\benchmarks\time\tree.png = docs\files\benchmarks\time\tree.png
		docs\files\benchmarks\time\tuple6.png = docs\files\benchmarks\time\tuple6.png
		docs\files\benchmarks\time\tupleArray.png = docs\files\benchmarks\time\tupleArray.png
		docs\files\benchmarks\time\typearray.png = docs\files\benchmarks\time\typearray.png
	EndProjectSection
EndProject
Project("{2150E333-8FDC-42A3-9474-1A3956D46DE8}") = "img", "img", "{CD9636EB-62D7-4EBB-98B0-95B58D122E1D}"
	ProjectSection(SolutionItems) = preProject
		docs\files\img\fsharp.png = docs\files\img\fsharp.png
		docs\files\img\mbrace.png = docs\files\img\mbrace.png
	EndProjectSection
EndProject
Project("{2150E333-8FDC-42A3-9474-1A3956D46DE8}") = "tools", "tools", "{2AF5EC7F-93DE-45D4-B4DC-79D3513E9BA3}"
	ProjectSection(SolutionItems) = preProject
		docs\tools\generate.fsx = docs\tools\generate.fsx
		docs\tools\packages.config = docs\tools\packages.config
	EndProjectSection
EndProject
Project("{2150E333-8FDC-42A3-9474-1A3956D46DE8}") = "templates", "templates", "{617720A8-FBB4-45CC-84D6-5713AFC1E076}"
	ProjectSection(SolutionItems) = preProject
		docs\tools\templates\template.cshtml = docs\tools\templates\template.cshtml
	EndProjectSection
EndProject
Project("{2150E333-8FDC-42A3-9474-1A3956D46DE8}") = "src", "src", "{177FDB27-FC8B-419C-B781-212CFC144448}"
EndProject
Project("{2150E333-8FDC-42A3-9474-1A3956D46DE8}") = "tests", "tests", "{42A413F1-B5B2-47DE-AC05-E87341CC2335}"
EndProject
Global
	GlobalSection(SolutionConfigurationPlatforms) = preSolution
		Debug|Any CPU = Debug|Any CPU
		Release|Any CPU = Release|Any CPU
	EndGlobalSection
	GlobalSection(ProjectConfigurationPlatforms) = postSolution
		{145234E3-13C8-47C8-8171-9E389EE539EB}.Debug|Any CPU.ActiveCfg = Debug|Any CPU
		{145234E3-13C8-47C8-8171-9E389EE539EB}.Debug|Any CPU.Build.0 = Debug|Any CPU
		{145234E3-13C8-47C8-8171-9E389EE539EB}.Release|Any CPU.ActiveCfg = Release|Any CPU
		{145234E3-13C8-47C8-8171-9E389EE539EB}.Release|Any CPU.Build.0 = Release|Any CPU
		{F41AEDC2-A21C-49F1-8ACD-43BF41FD3EC8}.Debug|Any CPU.ActiveCfg = Debug|Any CPU
		{F41AEDC2-A21C-49F1-8ACD-43BF41FD3EC8}.Debug|Any CPU.Build.0 = Debug|Any CPU
		{F41AEDC2-A21C-49F1-8ACD-43BF41FD3EC8}.Release|Any CPU.ActiveCfg = Release|Any CPU
		{F41AEDC2-A21C-49F1-8ACD-43BF41FD3EC8}.Release|Any CPU.Build.0 = Release|Any CPU
		{76E8A5C2-67E4-4109-9124-280A457CD78E}.Debug|Any CPU.ActiveCfg = Debug|Any CPU
		{76E8A5C2-67E4-4109-9124-280A457CD78E}.Debug|Any CPU.Build.0 = Debug|Any CPU
		{76E8A5C2-67E4-4109-9124-280A457CD78E}.Release|Any CPU.ActiveCfg = Release|Any CPU
		{76E8A5C2-67E4-4109-9124-280A457CD78E}.Release|Any CPU.Build.0 = Release|Any CPU
		{34D3D233-1D14-4528-B69F-870FC3561B5D}.Debug|Any CPU.ActiveCfg = Debug|Any CPU
		{34D3D233-1D14-4528-B69F-870FC3561B5D}.Debug|Any CPU.Build.0 = Debug|Any CPU
		{34D3D233-1D14-4528-B69F-870FC3561B5D}.Release|Any CPU.ActiveCfg = Release|Any CPU
		{34D3D233-1D14-4528-B69F-870FC3561B5D}.Release|Any CPU.Build.0 = Release|Any CPU
	EndGlobalSection
	GlobalSection(SolutionProperties) = preSolution
		HideSolutionNode = FALSE
	EndGlobalSection
	GlobalSection(NestedProjects) = preSolution
		{145234E3-13C8-47C8-8171-9E389EE539EB} = {177FDB27-FC8B-419C-B781-212CFC144448}
		{F41AEDC2-A21C-49F1-8ACD-43BF41FD3EC8} = {177FDB27-FC8B-419C-B781-212CFC144448}
		{76E8A5C2-67E4-4109-9124-280A457CD78E} = {42A413F1-B5B2-47DE-AC05-E87341CC2335}
		{34D3D233-1D14-4528-B69F-870FC3561B5D} = {42A413F1-B5B2-47DE-AC05-E87341CC2335}
		{2E6B95A2-11C1-4D8D-AAF6-1683AFC111D1} = {71BF70C9-717C-4608-B072-09ADD00279F1}
		{98E468A3-08AF-4A97-8DE1-881CF63F3BD9} = {71BF70C9-717C-4608-B072-09ADD00279F1}
		{8B301E9D-857C-4CB9-9367-E4C2878CCCE0} = {98E468A3-08AF-4A97-8DE1-881CF63F3BD9}
		{C779518A-E81A-47F5-9D67-A098B1A1C7E8} = {8B301E9D-857C-4CB9-9367-E4C2878CCCE0}
		{2A12EC19-16E7-4FC9-AC2F-6257FAB162E3} = {8B301E9D-857C-4CB9-9367-E4C2878CCCE0}
		{A44CBEDB-D12C-453F-BA07-E2946C1274CD} = {8B301E9D-857C-4CB9-9367-E4C2878CCCE0}
		{CD9636EB-62D7-4EBB-98B0-95B58D122E1D} = {98E468A3-08AF-4A97-8DE1-881CF63F3BD9}
		{2AF5EC7F-93DE-45D4-B4DC-79D3513E9BA3} = {71BF70C9-717C-4608-B072-09ADD00279F1}
		{617720A8-FBB4-45CC-84D6-5713AFC1E076} = {2AF5EC7F-93DE-45D4-B4DC-79D3513E9BA3}
	EndGlobalSection
	GlobalSection(ExtensibilityGlobals) = postSolution
		SolutionGuid = {5433401A-5CCE-4ACB-BDBF-A3FF6A9810B7}
	EndGlobalSection
EndGlobal
